
Microsoft Visual Studio Solution File, Format Version 12.00
# Visual Studio Version 17
VisualStudioVersion = 17.5.33516.290
MinimumVisualStudioVersion = 10.0.40219.1
Project("{F184B08F-C81C-45F6-A57F-5ABD9991F28F}") = "ArchionDownloader", "ArchionDownloader.vbproj", "{08B27337-EBF2-415A-B489-435F38AF357A}"
EndProject
Global
	GlobalSection(SolutionConfigurationPlatforms) = preSolution
		Debug|Any CPU = Debug|Any CPU
		Release|Any CPU = Release|Any CPU
	EndGlobalSection
	GlobalSection(ProjectConfigurationPlatforms) = postSolution
		{08B27337-EBF2-415A-B489-435F38AF357A}.Debug|Any CPU.ActiveCfg = Debug|Any CPU
		{08B27337-EBF2-415A-B489-435F38AF357A}.Debug|Any CPU.Build.0 = Debug|Any CPU
		{08B27337-EBF2-415A-B489-435F38AF357A}.Release|Any CPU.ActiveCfg = Release|Any CPU
		{08B27337-EBF2-415A-B489-435F38AF357A}.Release|Any CPU.Build.0 = Release|Any CPU
	EndGlobalSection
	GlobalSection(SolutionProperties) = preSolution
		HideSolutionNode = FALSE
	EndGlobalSection
	GlobalSection(ExtensibilityGlobals) = postSolution
		SolutionGuid = {5D86CCBE-2283-4681-988A-9D05EDF26651}
	EndGlobalSection
EndGlobal
